
Microsoft Visual Studio Solution File, Format Version 12.00
# Visual Studio Version 17
VisualStudioVersion = 17.10.34916.146
MinimumVisualStudioVersion = 10.0.40219.1
Project("{9A19103F-16F7-4668-BE54-9A1E7A4F7556}") = "IdentityServerOAuth", "IdentityServerOAuth\IdentityServerOAuth.csproj", "{F4F99CAA-C46B-4839-9B69-6E9F6B27ED0F}"
EndProject
Project("{2150E333-8FDC-42A3-9474-1A3956D46DE8}") = "Clients", "Clients", "{9E1A7B1E-96D9-4AD4-83AD-04851A87775D}"
EndProject
Project("{FAE04EC0-301F-11D3-BF4B-00C04F79EFBC}") = "otherSites", "otherSites\otherSites.csproj", "{533BBF08-CABE-4591-B7A9-5D5F78A4374B}"
EndProject
Project("{2150E333-8FDC-42A3-9474-1A3956D46DE8}") = "Api", "Api", "{326B0059-C356-48E7-BA77-023F344A436C}"
EndProject
Project("{FAE04EC0-301F-11D3-BF4B-00C04F79EFBC}") = "ApiWeather", "ApiWeather\ApiWeather.csproj", "{CFA9C98F-5024-4202-AAE0-F9BC84CAB380}"
EndProject
Global
	GlobalSection(SolutionConfigurationPlatforms) = preSolution
		Debug|Any CPU = Debug|Any CPU
		Release|Any CPU = Release|Any CPU
	EndGlobalSection
	GlobalSection(ProjectConfigurationPlatforms) = postSolution
		{F4F99CAA-C46B-4839-9B69-6E9F6B27ED0F}.Debug|Any CPU.ActiveCfg = Debug|Any CPU
		{F4F99CAA-C46B-4839-9B69-6E9F6B27ED0F}.Debug|Any CPU.Build.0 = Debug|Any CPU
		{F4F99CAA-C46B-4839-9B69-6E9F6B27ED0F}.Release|Any CPU.ActiveCfg = Release|Any CPU
		{F4F99CAA-C46B-4839-9B69-6E9F6B27ED0F}.Release|Any CPU.Build.0 = Release|Any CPU
		{533BBF08-CABE-4591-B7A9-5D5F78A4374B}.Debug|Any CPU.ActiveCfg = Debug|Any CPU
		{533BBF08-CABE-4591-B7A9-5D5F78A4374B}.Debug|Any CPU.Build.0 = Debug|Any CPU
		{533BBF08-CABE-4591-B7A9-5D5F78A4374B}.Release|Any CPU.ActiveCfg = Release|Any CPU
		{533BBF08-CABE-4591-B7A9-5D5F78A4374B}.Release|Any CPU.Build.0 = Release|Any CPU
		{CFA9C98F-5024-4202-AAE0-F9BC84CAB380}.Debug|Any CPU.ActiveCfg = Debug|Any CPU
		{CFA9C98F-5024-4202-AAE0-F9BC84CAB380}.Debug|Any CPU.Build.0 = Debug|Any CPU
		{CFA9C98F-5024-4202-AAE0-F9BC84CAB380}.Release|Any CPU.ActiveCfg = Release|Any CPU
		{CFA9C98F-5024-4202-AAE0-F9BC84CAB380}.Release|Any CPU.Build.0 = Release|Any CPU
	EndGlobalSection
	GlobalSection(SolutionProperties) = preSolution
		HideSolutionNode = FALSE
	EndGlobalSection
	GlobalSection(NestedProjects) = preSolution
		{533BBF08-CABE-4591-B7A9-5D5F78A4374B} = {9E1A7B1E-96D9-4AD4-83AD-04851A87775D}
		{CFA9C98F-5024-4202-AAE0-F9BC84CAB380} = {326B0059-C356-48E7-BA77-023F344A436C}
	EndGlobalSection
	GlobalSection(ExtensibilityGlobals) = postSolution
		SolutionGuid = {3057C9D1-9283-4C64-8D57-749ED9E8E7C2}
	EndGlobalSection
EndGlobal
